# This file is @generated by PDM.
# It is not intended for manual editing.

[metadata]
groups = ["default", "dev"]
strategy = []
lock_version = "4.5.0"
content_hash = "sha256:dbbdc3a194302705e32bbb71441fe68d991c77fb1be07aa3d134ca6e363c46ff"

[[metadata.targets]]
requires_python = ">=3.13"

[[package]]
name = "annotated-types"
version = "0.7.0"
summary = ""
files = [
    {file = "annotated_types-0.7.0-py3-none-any.whl", hash = "sha256:1f02e8b43a8fbbc3f3e0d4f0f4bfc8131bcb4eebe8849b8e5c773f3a1c582a53"},
    {file = "annotated_types-0.7.0.tar.gz", hash = "sha256:aff07c09a53a08bc8cfccb9c85b05f1aa9a2a6f23728d790723543408344ce89"},
]

[[package]]
name = "anyio"
version = "4.12.1"
summary = ""
dependencies = [
    "idna",
]
files = [
    {file = "anyio-4.12.1-py3-none-any.whl", hash = "sha256:d405828884fc140aa80a3c667b8beed277f1dfedec42ba031bd6ac3db606ab6c"},
    {file = "anyio-4.12.1.tar.gz", hash = "sha256:41cfcc3a4c85d3f05c932da7c26d0201ac36f72abd4435ba90d0464a3ffed703"},
]

[[package]]
name = "certifi"
version = "2026.1.4"
summary = ""
files = [
    {file = "certifi-2026.1.4-py3-none-any.whl", hash = "sha256:9943707519e4add1115f44c2bc244f782c0249876bf51b6599fee1ffbedd685c"},
    {file = "certifi-2026.1.4.tar.gz", hash = "sha256:ac726dd470482006e014ad384921ed6438c457018f4b3d204aea4281258b2120"},
]

[[package]]
name = "colorama"
version = "0.4.6"
summary = ""
files = [
    {file = "colorama-0.4.6-py2.py3-none-any.whl", hash = "sha256:4f1d9991f5acc0ca119f9d443620b77f9d6b33703e51011c16baf57afb285fc6"},
    {file = "colorama-0.4.6.tar.gz", hash = "sha256:08695f5cb7ed6e0531a20572697297273c47b8cae5a63ffc6d6ed5c201be6e44"},
]

[[package]]
name = "genai-prices"
version = "0.0.54"
summary = ""
dependencies = [
    "httpx",
    "pydantic",
]
files = [
    {file = "genai_prices-0.0.54-py3-none-any.whl", hash = "sha256:5b45012b2981b7d4d42c49c8614ee95420fec244c87542542045786b36fc2235"},
    {file = "genai_prices-0.0.54.tar.gz", hash = "sha256:9d985affc19d055be16613b0c5e49d182d4c2164cf1587129f9996dfb9a3cb8d"},
]

[[package]]
name = "griffelib"
version = "2.0.0"
summary = ""
files = [
    {file = "griffelib-2.0.0-py3-none-any.whl", hash = "sha256:01284878c966508b6d6f1dbff9b6fa607bc062d8261c5c7253cb285b06422a7f"},
]

[[package]]
name = "h11"
version = "0.16.0"
summary = ""
files = [
    {file = "h11-0.16.0-py3-none-any.whl", hash = "sha256:63cf8bbe7522de3bf65932fda1d9c2772064ffb3dae62d55932da54b31cb6c86"},
    {file = "h11-0.16.0.tar.gz", hash = "sha256:4e35b956cf45792e4caa5885e69fba00bdbc6ffafbfa020300e549b208ee5ff1"},
]

[[package]]
name = "httpcore"
version = "1.0.9"
summary = ""
dependencies = [
    "certifi",
    "h11",
]
files = [
    {file = "httpcore-1.0.9-py3-none-any.whl", hash = "sha256:2d400746a40668fc9dec9810239072b40b4484b640a8c38fd654a024c7a1bf55"},
    {file = "httpcore-1.0.9.tar.gz", hash = "sha256:6e34463af53fd2ab5d807f399a9b45ea31c3dfa2276f15a2c3f00afff6e176e8"},
]

[[package]]
name = "httpx"
version = "0.28.1"
summary = ""
dependencies = [
    "anyio",
    "certifi",
    "httpcore",
    "idna",
]
files = [
    {file = "httpx-0.28.1-py3-none-any.whl", hash = "sha256:d909fcccc110f8c7faf814ca82a9a4d816bc5a6dbfea25d6591d6985b8ba59ad"},
    {file = "httpx-0.28.1.tar.gz", hash = "sha256:75e98c5f16b0f35b567856f597f06ff2270a374470a5c2392242528e3e3e42fc"},
]

[[package]]
name = "idna"
version = "3.11"
summary = ""
files = [
    {file = "idna-3.11-py3-none-any.whl", hash = "sha256:771a87f49d9defaf64091e6e6fe9c18d4833f140bd19464795bc32d966ca37ea"},
    {file = "idna-3.11.tar.gz", hash = "sha256:795dafcc9c04ed0c1fb032c2aa73654d8e8c5023a7df64a53f39190ada629902"},
]

[[package]]
name = "importlib-metadata"
version = "8.7.1"
summary = ""
dependencies = [
    "zipp",
]
files = [
    {file = "importlib_metadata-8.7.1-py3-none-any.whl", hash = "sha256:5a1f80bf1daa489495071efbb095d75a634cf28a8bc299581244063b53176151"},
    {file = "importlib_metadata-8.7.1.tar.gz", hash = "sha256:49fef1ae6440c182052f407c8d34a68f72efc36db9ca90dc0113398f2fdde8bb"},
]

[[package]]
name = "iniconfig"
version = "2.3.0"
summary = ""
files = [
    {file = "iniconfig-2.3.0-py3-none-any.whl", hash = "sha256:f631c04d2c48c52b84d0d0549c99ff3859c98df65b3101406327ecc7d53fbf12"},
    {file = "iniconfig-2.3.0.tar.gz", hash = "sha256:c76315c77db068650d49c5b56314774a7804df16fee4402c1f19d6d15d8c4730"},
]

[[package]]
name = "logfire-api"
version = "4.25.0"
summary = ""
files = [
    {file = "logfire_api-4.25.0-py3-none-any.whl", hash = "sha256:0d607eb09ef5426e26f376ff277a8d401bc5b7b4178ea66db404e13c368494cf"},
    {file = "logfire_api-4.25.0.tar.gz", hash = "sha256:7562d5adfe3987291039dddb21947c86cb9d832d068c87d9aa23db86ef07095b"},
]

[[package]]
name = "opentelemetry-api"
version = "1.39.1"
summary = ""
dependencies = [
    "importlib-metadata",
    "typing-extensions",
]
files = [
    {file = "opentelemetry_api-1.39.1-py3-none-any.whl", hash = "sha256:2edd8463432a7f8443edce90972169b195e7d6a05500cd29e6d13898187c9950"},
    {file = "opentelemetry_api-1.39.1.tar.gz", hash = "sha256:fbde8c80e1b937a2c61f20347e91c0c18a1940cecf012d62e65a7caf08967c9c"},
]

[[package]]
name = "packaging"
version = "26.0"
summary = ""
files = [
    {file = "packaging-26.0-py3-none-any.whl", hash = "sha256:b36f1fef9334a5588b4166f8bcd26a14e521f2b55e6b9de3aaa80d3ff7a37529"},
    {file = "packaging-26.0.tar.gz", hash = "sha256:00243ae351a257117b6a241061796684b084ed1c516a08c48a3f7e147a9d80b4"},
]

[[package]]
name = "pluggy"
version = "1.6.0"
summary = ""
files = [
    {file = "pluggy-1.6.0-py3-none-any.whl", hash = "sha256:e920276dd6813095e9377c0bc5566d94c932c33b27a3e3945d8389c374dd4746"},
    {file = "pluggy-1.6.0.tar.gz", hash = "sha256:7dcc130b76258d33b90f61b658791dede3486c3e6bfb003ee5c9bfb396dd22f3"},
]

[[package]]
name = "pydantic"
version = "2.12.5"
summary = ""
dependencies = [
    "annotated-types",
    "pydantic-core",
    "typing-extensions",
    "typing-inspection",
]
files = [
    {file = "pydantic-2.12.5-py3-none-any.whl", hash = "sha256:e561593fccf61e8a20fc46dfc2dfe075b8be7d0188df33f221ad1f0139180f9d"},
    {file = "pydantic-2.12.5.tar.gz", hash = "sha256:4d351024c75c0f085a9febbb665ce8c0c6ec5d30e903bdb6394b7ede26aebb49"},
]

[[package]]
name = "pydantic-ai-slim"
version = "1.62.0"
summary = ""
dependencies = [
    "genai-prices",
    "griffelib",
    "httpx",
    "opentelemetry-api",
    "pydantic",
    "pydantic-graph",
    "typing-inspection",
]
files = [
    {file = "pydantic_ai_slim-1.62.0-py3-none-any.whl", hash = "sha256:5210073fadd46f65859a67da67845093c487f025fa430ed027151f22ec684ab2"},
    {file = "pydantic_ai_slim-1.62.0.tar.gz", hash = "sha256:00d84f659107bbbd88823a3d3dbe7348385935a9870b9d7d4ba799256f6b6983"},
]

[[package]]
name = "pydantic-core"
version = "2.41.5"
summary = ""
dependencies = [
    "typing-extensions",
]
files = [
    {file = "pydantic_core-2.41.5-cp313-cp313-macosx_10_12_x86_64.whl", hash = "sha256:941103c9be18ac8daf7b7adca8228f8ed6bb7a1849020f643b3a14d15b1924d9"},
    {file = "pydantic_core-2.41.5-cp313-cp313-macosx_11_0_arm64.whl", hash = "sha256:112e305c3314f40c93998e567879e887a3160bb8689ef3d2c04b6cc62c33ac34"},
    {file = "pydantic_core-2.41.5-cp313-cp313-manylinux_2_17_aarch64.manylinux2014_aarch64.whl", hash = "sha256:0cbaad15cb0c90aa221d43c00e77bb33c93e8d36e0bf74760cd00e732d10a6a0"},
    {file = "pydantic_core-2.41.5-cp313-cp313-manylinux_2_17_armv7l.manylinux2014_armv7l.whl", hash = "sha256:03ca43e12fab6023fc79d28ca6b39b05f794ad08ec2feccc59a339b02f2b3d33"},
    {file = "pydantic_core-2.41.5-cp313-cp313-manylinux_2_17_ppc64le.manylinux2014_ppc64le.whl", hash = "sha256:dc799088c08fa04e43144b164feb0c13f9a0bc40503f8df3e9fde58a3c0c101e"},
    {file = "pydantic_core-2.41.5-cp313-cp313-manylinux_2_17_s390x.manylinux2014_s390x.whl", hash = "sha256:97aeba56665b4c3235a0e52b2c2f5ae9cd071b8a8310ad27bddb3f7fb30e9aa2"},
    {file = "pydantic_core-2.41.5-cp313-cp313-manylinux_2_17_x86_64.manylinux2014_x86_64.whl", hash = "sha256:406bf18d345822d6c21366031003612b9c77b3e29ffdb0f612367352aab7d586"},
    {file = "pydantic_core-2.41.5-cp313-cp313-manylinux_2_5_i686.manylinux1_i686.whl", hash = "sha256:b93590ae81f7010dbe380cdeab6f515902ebcbefe0b9327cc4804d74e93ae69d"},
    {file = "pydantic_core-2.41.5-cp313-cp313-musllinux_1_1_aarch64.whl", hash = "sha256:01a3d0ab748ee531f4ea6c3e48ad9dac84ddba4b0d82291f87248f2f9de8d740"},
    {file = "pydantic_core-2.41.5-cp313-cp313-musllinux_1_1_armv7l.whl", hash = "sha256:6561e94ba9dacc9c61bce40e2d6bdc3bfaa0259d3ff36ace3b1e6901936d2e3e"},
    {file = "pydantic_core-2.41.5-cp313-cp313-musllinux_1_1_x86_64.whl", hash = "sha256:915c3d10f81bec3a74fbd4faebe8391013ba61e5a1a8d48c4455b923bdda7858"},
    {file = "pydantic_core-2.41.5-cp313-cp313-win32.whl", hash = "sha256:650ae77860b45cfa6e2cdafc42618ceafab3a2d9a3811fcfbd3bbf8ac3c40d36"},
    {file = "pydantic_core-2.41.5-cp313-cp313-win_amd64.whl", hash = "sha256:79ec52ec461e99e13791ec6508c722742ad745571f234ea6255bed38c6480f11"},
    {file = "pydantic_core-2.41.5-cp313-cp313-win_arm64.whl", hash = "sha256:3f84d5c1b4ab906093bdc1ff10484838aca54ef08de4afa9de0f5f14d69639cd"},
    {file = "pydantic_core-2.41.5-cp314-cp314-macosx_10_12_x86_64.whl", hash = "sha256:3f37a19d7ebcdd20b96485056ba9e8b304e27d9904d233d7b1015db320e51f0a"},
    {file = "pydantic_core-2.41.5-cp314-cp314-macosx_11_0_arm64.whl", hash = "sha256:1d1d9764366c73f996edd17abb6d9d7649a7eb690006ab6adbda117717099b14"},
    {file = "pydantic_core-2.41.5-cp314-cp314-manylinux_2_17_aarch64.manylinux2014_aarch64.whl", hash = "sha256:25e1c2af0fce638d5f1988b686f3b3ea8cd7de5f244ca147c777769e798a9cd1"},
    {file = "pydantic_core-2.41.5-cp314-cp314-manylinux_2_17_armv7l.manylinux2014_armv7l.whl", hash = "sha256:506d766a8727beef16b7adaeb8ee6217c64fc813646b424d0804d67c16eddb66"},
    {file = "pydantic_core-2.41.5-cp314-cp314-manylinux_2_17_ppc64le.manylinux2014_ppc64le.whl", hash = "sha256:4819fa52133c9aa3c387b3328f25c1facc356491e6135b459f1de698ff64d869"},
    {file = "pydantic_core-2.41.5-cp314-cp314-manylinux_2_17_s390x.manylinux2014_s390x.whl", hash = "sha256:2b761d210c9ea91feda40d25b4efe82a1707da2ef62901466a42492c028553a2"},
    {file = "pydantic_core-2.41.5-cp314-cp314-manylinux_2_17_x86_64.manylinux2014_x86_64.whl", hash = "sha256:22f0fb8c1c583a3b6f24df2470833b40207e907b90c928cc8d3594b76f874375"},
    {file = "pydantic_core-2.41.5-cp314-cp314-manylinux_2_5_i686.manylinux1_i686.whl", hash = "sha256:2782c870e99878c634505236d81e5443092fba820f0373997ff75f90f68cd553"},
    {file = "pydantic_core-2.41.5-cp314-cp314-musllinux_1_1_aarch64.whl", hash = "sha256:0177272f88ab8312479336e1d777f6b124537d47f2123f89cb37e0accea97f90"},
    {file = "pydantic_core-2.41.5-cp314-cp314-musllinux_1_1_armv7l.whl", hash = "sha256:63510af5e38f8955b8ee5687740d6ebf7c2a0886d15a6d65c32814613681bc07"},
    {file = "pydantic_core-2.41.5-cp314-cp314-musllinux_1_1_x86_64.whl", hash = "sha256:e56ba91f47764cc14f1daacd723e3e82d1a89d783f0f5afe9c364b8bb491ccdb"},
    {file = "pydantic_core-2.41.5-cp314-cp314-win32.whl", hash = "sha256:aec5cf2fd867b4ff45b9959f8b20ea3993fc93e63c7363fe6851424c8a7e7c23"},
    {file = "pydantic_core-2.41.5-cp314-cp314-win_amd64.whl", hash = "sha256:8e7c86f27c585ef37c35e56a96363ab8de4e549a95512445b85c96d3e2f7c1bf"},
    {file = "pydantic_core-2.41.5-cp314-cp314-win_arm64.whl", hash = "sha256:e672ba74fbc2dc8eea59fb6d4aed6845e6905fc2a8afe93175d94a83ba2a01a0"},
    {file = "pydantic_core-2.41.5-cp314-cp314t-macosx_10_12_x86_64.whl", hash = "sha256:8566def80554c3faa0e65ac30ab0932b9e3a5cd7f8323764303d468e5c37595a"},
    {file = "pydantic_core-2.41.5-cp314-cp314t-macosx_11_0_arm64.whl", hash = "sha256:b80aa5095cd3109962a298ce14110ae16b8c1aece8b72f9dafe81cf597ad80b3"},
    {file = "pydantic_core-2.41.5-cp314-cp314t-manylinux_2_17_aarch64.manylinux2014_aarch64.whl", hash = "sha256:3006c3dd9ba34b0c094c544c6006cc79e87d8612999f1a5d43b769b89181f23c"},
    {file = "pydantic_core-2.41.5-cp314-cp314t-manylinux_2_17_armv7l.manylinux2014_armv7l.whl", hash = "sha256:72f6c8b11857a856bcfa48c86f5368439f74453563f951e473514579d44aa612"},
    {file = "pydantic_core-2.41.5-cp314-cp314t-manylinux_2_17_ppc64le.manylinux2014_ppc64le.whl", hash = "sha256:5cb1b2f9742240e4bb26b652a5aeb840aa4b417c7748b6f8387927bc6e45e40d"},
    {file = "pydantic_core-2.41.5-cp314-cp314t-manylinux_2_17_s390x.manylinux2014_s390x.whl", hash = "sha256:bd3d54f38609ff308209bd43acea66061494157703364ae40c951f83ba99a1a9"},
    {file = "pydantic_core-2.41.5-cp314-cp314t-manylinux_2_17_x86_64.manylinux2014_x86_64.whl", hash = "sha256:2ff4321e56e879ee8d2a879501c8e469414d948f4aba74a2d4593184eb326660"},
    {file = "pydantic_core-2.41.5-cp314-cp314t-manylinux_2_5_i686.manylinux1_i686.whl", hash = "sha256:d0d2568a8c11bf8225044aa94409e21da0cb09dcdafe9ecd10250b2baad531a9"},
    {file = "pydantic_core-2.41.5-cp314-cp314t-musllinux_1_1_aarch64.whl", hash = "sha256:a39455728aabd58ceabb03c90e12f71fd30fa69615760a075b9fec596456ccc3"},
    {file = "pydantic_core-2.41.5-cp314-cp314t-musllinux_1_1_armv7l.whl", hash = "sha256:239edca560d05757817c13dc17c50766136d21f7cd0fac50295499ae24f90fdf"},
    {file = "pydantic_core-2.41.5-cp314-cp314t-musllinux_1_1_x86_64.whl", hash = "sha256:2a5e06546e19f24c6a96a129142a75cee553cc018ffee48a460059b1185f4470"},
    {file = "pydantic_core-2.41.5-cp314-cp314t-win32.whl", hash = "sha256:b4ececa40ac28afa90871c2cc2b9ffd2ff0bf749380fbdf57d165fd23da353aa"},
    {file = "pydantic_core-2.41.5-cp314-cp314t-win_amd64.whl", hash = "sha256:80aa89cad80b32a912a65332f64a4450ed00966111b6615ca6816153d3585a8c"},
    {file = "pydantic_core-2.41.5-cp314-cp314t-win_arm64.whl", hash = "sha256:35b44f37a3199f771c3eaa53051bc8a70cd7b54f333531c59e29fd4db5d15008"},
    {file = "pydantic_core-2.41.5.tar.gz", hash = "sha256:08daa51ea16ad373ffd5e7606252cc32f07bc72b28284b6bc9c6df804816476e"},
]

[[package]]
name = "pydantic-graph"
version = "1.62.0"
summary = ""
dependencies = [
    "httpx",
    "logfire-api",
    "pydantic",
    "typing-inspection",
]
files = [
    {file = "pydantic_graph-1.62.0-py3-none-any.whl", hash = "sha256:abe0e7b356b4d3202b069ec020d8dd1f647f55e9a0e85cd272dab48250bde87d"},
    {file = "pydantic_graph-1.62.0.tar.gz", hash = "sha256:efe56bee3a8ca35b11a3be6a5f7352419fe182ef1e1323a3267ee12dec95f3c7"},
]

[[package]]
name = "pygments"
version = "2.19.2"
summary = ""
files = [
    {file = "pygments-2.19.2-py3-none-any.whl", hash = "sha256:86540386c03d588bb81d44bc3928634ff26449851e99741617ecb9037ee5ec0b"},
    {file = "pygments-2.19.2.tar.gz", hash = "sha256:636cb2477cec7f8952536970bc533bc43743542f70392ae026374600add5b887"},
]

[[package]]
name = "pytest"
version = "9.0.2"
summary = ""
dependencies = [
    "colorama; sys_platform == \"win32\"",
    "iniconfig",
    "packaging",
    "pluggy",
    "pygments",
]
files = [
    {file = "pytest-9.0.2-py3-none-any.whl", hash = "sha256:711ffd45bf766d5264d487b917733b453d917afd2b0ad65223959f59089f875b"},
    {file = "pytest-9.0.2.tar.gz", hash = "sha256:75186651a92bd89611d1d9fc20f0b4345fd827c41ccd5c299a868a05d70edf11"},
]

[[package]]
name = "ruff"
version = "0.15.2"
summary = ""
files = [
    {file = "ruff-0.15.2-py3-none-linux_armv6l.whl", hash = "sha256:120691a6fdae2f16d65435648160f5b81a9625288f75544dc40637436b5d3c0d"},
    {file = "ruff-0.15.2-py3-none-macosx_10_12_x86_64.whl", hash = "sha256:a89056d831256099658b6bba4037ac6dd06f49d194199215befe2bb10457ea5e"},
    {file = "ruff-0.15.2-py3-none-macosx_11_0_arm64.whl", hash = "sha256:e36dee3a64be0ebd23c86ffa3aa3fd3ac9a712ff295e192243f814a830b6bd87"},
    {file = "ruff-0.15.2-py3-none-manylinux_2_17_aarch64.manylinux2014_aarch64.whl", hash = "sha256:a9fb47b6d9764677f8c0a193c0943ce9a05d6763523f132325af8a858eadc2b9"},
    {file = "ruff-0.15.2-py3-none-manylinux_2_17_armv7l.manylinux2014_armv7l.whl", hash = "sha256:f376990f9d0d6442ea9014b19621d8f2aaf2b8e39fdbfc79220b7f0c596c9b80"},
    {file = "ruff-0.15.2-py3-none-manylinux_2_17_i686.manylinux2014_i686.whl", hash = "sha256:2dcc987551952d73cbf5c88d9fdee815618d497e4df86cd4c4824cc59d5dd75f"},
    {file = "ruff-0.15.2-py3-none-manylinux_2_17_ppc64le.manylinux2014_ppc64le.whl", hash = "sha256:42a47fd785cbe8c01b9ff45031af875d101b040ad8f4de7bbb716487c74c9a77"},
    {file = "ruff-0.15.2-py3-none-manylinux_2_17_s390x.manylinux2014_s390x.whl", hash = "sha256:cbe9f49354866e575b4c6943856989f966421870e85cd2ac94dccb0a9dcb2fea"},
    {file = "ruff-0.15.2-py3-none-manylinux_2_17_x86_64.manylinux2014_x86_64.whl", hash = "sha256:b7a672c82b5f9887576087d97be5ce439f04bbaf548ee987b92d3a7dede41d3a"},
    {file = "ruff-0.15.2-py3-none-manylinux_2_31_riscv64.whl", hash = "sha256:72ecc64f46f7019e2bcc3cdc05d4a7da958b629a5ab7033195e11a438403d956"},
    {file = "ruff-0.15.2-py3-none-musllinux_1_2_aarch64.whl", hash = "sha256:8dcf243b15b561c655c1ef2f2b0050e5d50db37fe90115507f6ff37d865dc8b4"},
    {file = "ruff-0.15.2-py3-none-musllinux_1_2_armv7l.whl", hash = "sha256:dab6941c862c05739774677c6273166d2510d254dac0695c0e3f5efa1b5585de"},
    {file = "ruff-0.15.2-py3-none-musllinux_1_2_i686.whl", hash = "sha256:1b9164f57fc36058e9a6806eb92af185b0697c9fe4c7c52caa431c6554521e5c"},
    {file = "ruff-0.15.2-py3-none-musllinux_1_2_x86_64.whl", hash = "sha256:80d24fcae24d42659db7e335b9e1531697a7102c19185b8dc4a028b952865fd8"},
    {file = "ruff-0.15.2-py3-none-win32.whl", hash = "sha256:fd5ff9e5f519a7e1bd99cbe8daa324010a74f5e2ebc97c6242c08f26f3714f6f"},
    {file = "ruff-0.15.2-py3-none-win_amd64.whl", hash = "sha256:d20014e3dfa400f3ff84830dfb5755ece2de45ab62ecea4af6b7262d0fb4f7c5"},
    {file = "ruff-0.15.2-py3-none-win_arm64.whl", hash = "sha256:cabddc5822acdc8f7b5527b36ceac55cc51eec7b1946e60181de8fe83ca8876e"},
    {file = "ruff-0.15.2.tar.gz", hash = "sha256:14b965afee0969e68bb871eba625343b8673375f457af4abe98553e8bbb98342"},
]

[[package]]
name = "ty"
version = "0.0.18"
summary = ""
files = [
    {file = "ty-0.0.18-py3-none-linux_armv6l.whl", hash = "sha256:4e5e91b0a79857316ef893c5068afc4b9872f9d257627d9bc8ac4d2715750d88"},
    {file = "ty-0.0.18-py3-none-macosx_10_12_x86_64.whl", hash = "sha256:ee0e578b3f8416e2d5416da9553b78fd33857868aa1384cb7fefeceee5ff102d"},
    {file = "ty-0.0.18-py3-none-macosx_11_0_arm64.whl", hash = "sha256:3f7a0487d36b939546a91d141f7fc3dbea32fab4982f618d5b04dc9d5b6da21e"},
    {file = "ty-0.0.18-py3-none-manylinux_2_17_aarch64.manylinux2014_aarch64.whl", hash = "sha256:d5e2fa8d45f57ca487a470e4bf66319c09b561150e98ae2a6b1a97ef04c1a4eb"},
    {file = "ty-0.0.18-py3-none-manylinux_2_17_armv7l.manylinux2014_armv7l.whl", hash = "sha256:d75652e9e937f7044b1aca16091193e7ef11dac1c7ec952b7fb8292b7ba1f5f2"},
    {file = "ty-0.0.18-py3-none-manylinux_2_17_i686.manylinux2014_i686.whl", hash = "sha256:563c868edceb8f6ddd5e91113c17d3676b028f0ed380bdb3829b06d9beb90e58"},
    {file = "ty-0.0.18-py3-none-manylinux_2_17_ppc64le.manylinux2014_ppc64le.whl", hash = "sha256:502e2a1f948bec563a0454fc25b074bf5cf041744adba8794d024277e151d3b0"},
    {file = "ty-0.0.18-py3-none-manylinux_2_17_s390x.manylinux2014_s390x.whl", hash = "sha256:cc881dea97021a3aa29134a476937fd8054775c4177d01b94db27fcfb7aab65b"},
    {file = "ty-0.0.18-py3-none-manylinux_2_17_x86_64.manylinux2014_x86_64.whl", hash = "sha256:421fcc3bc64cab56f48edb863c7c1c43649ec4d78ff71a1acb5366ad723b6021"},
    {file = "ty-0.0.18-py3-none-musllinux_1_2_aarch64.whl", hash = "sha256:0fe5038a7136a0e638a2fb1ad06e3d3c4045314c6ba165c9c303b9aeb4623d6c"},
    {file = "ty-0.0.18-py3-none-musllinux_1_2_armv7l.whl", hash = "sha256:d123600a52372677613a719bbb780adeb9b68f47fb5f25acb09171de390e0035"},
    {file = "ty-0.0.18-py3-none-musllinux_1_2_i686.whl", hash = "sha256:bb4bc11d32a1bf96a829bf6b9696545a30a196ac77bbc07cc8d3dfee35e03723"},
    {file = "ty-0.0.18-py3-none-musllinux_1_2_x86_64.whl", hash = "sha256:dda2efbf374ba4cd704053d04e32f2f784e85c2ddc2400006b0f96f5f7e4b667"},
    {file = "ty-0.0.18-py3-none-win32.whl", hash = "sha256:c5768607c94977dacddc2f459ace6a11a408a0f57888dd59abb62d28d4fee4f7"},
    {file = "ty-0.0.18-py3-none-win_amd64.whl", hash = "sha256:b78d0fa1103d36fc2fce92f2092adace52a74654ab7884d54cdaec8eb5016a4d"},
    {file = "ty-0.0.18-py3-none-win_arm64.whl", hash = "sha256:01770c3c82137c6b216aa3251478f0b197e181054ee92243772de553d3586398"},
    {file = "ty-0.0.18.tar.gz", hash = "sha256:04ab7c3db5dcbcdac6ce62e48940d3a0124f377c05499d3f3e004e264ae94b83"},
]

[[package]]
name = "typing-extensions"
version = "4.15.0"
summary = ""
files = [
    {file = "typing_extensions-4.15.0-py3-none-any.whl", hash = "sha256:f0fa19c6845758ab08074a0cfa8b7aecb71c999ca73d62883bc25cc018c4e548"},
    {file = "typing_extensions-4.15.0.tar.gz", hash = "sha256:0cea48d173cc12fa28ecabc3b837ea3cf6f38c6d1136f85cbaaf598984861466"},
]

[[package]]
name = "typing-inspection"
version = "0.4.2"
summary = ""
dependencies = [
    "typing-extensions",
]
files = [
    {file = "typing_inspection-0.4.2-py3-none-any.whl", hash = "sha256:4ed1cacbdc298c220f1bd249ed5287caa16f34d44ef4e9c3d0cbad5b521545e7"},
    {file = "typing_inspection-0.4.2.tar.gz", hash = "sha256:ba561c48a67c5958007083d386c3295464928b01faa735ab8547c5692e87f464"},
]

[[package]]
name = "zipp"
version = "3.23.0"
summary = ""
files = [
    {file = "zipp-3.23.0-py3-none-any.whl", hash = "sha256:071652d6115ed432f5ce1d34c336c0adfd6a884660d1e9712a256d3d3bd4b14e"},
    {file = "zipp-3.23.0.tar.gz", hash = "sha256:a07157588a12518c9d4034df3fbbee09c814741a33ff63c05fa29d26a2404166"},
]
